// !$*UTF8*$!
{
	archiveVersion = 1;
	classes = {
	};
	objectVersion = 46;
	objects = {

/* Begin PBXBuildFile section */
		4F0668381B81322A008FE7CC /* green-check-circle-small.png in Resources */ = {isa = PBXBuildFile; fileRef = 4F0668371B81322A008FE7CC /* green-check-circle-small.png */; };
		4F06683A1B813232008FE7CC /* gray-circle-outline-small.png in Resources */ = {isa = PBXBuildFile; fileRef = 4F0668391B813232008FE7CC /* gray-circle-outline-small.png */; };
		4F06683C1B813568008FE7CC /* SmallCheckCircle.swift in Sources */ = {isa = PBXBuildFile; fileRef = 4F06683B1B813568008FE7CC /* SmallCheckCircle.swift */; };
		4F1F65D71B58543C00DB1202 /* CheckCircle.swift in Sources */ = {isa = PBXBuildFile; fileRef = 4F1F65D61B58543C00DB1202 /* CheckCircle.swift */; };
		4FCCB2171B76A5A500058A51 /* HabitDetailViewController.swift in Sources */ = {isa = PBXBuildFile; fileRef = 4FCCB2161B76A5A500058A51 /* HabitDetailViewController.swift */; };
		4FD1EB1B1B487AA700BAAA33 /* AppDelegate.swift in Sources */ = {isa = PBXBuildFile; fileRef = 4FD1EB1A1B487AA700BAAA33 /* AppDelegate.swift */; };
		4FD1EB1D1B487AA700BAAA33 /* ViewController.swift in Sources */ = {isa = PBXBuildFile; fileRef = 4FD1EB1C1B487AA700BAAA33 /* ViewController.swift */; };
		4FD1EB201B487AA700BAAA33 /* Main.storyboard in Resources */ = {isa = PBXBuildFile; fileRef = 4FD1EB1E1B487AA700BAAA33 /* Main.storyboard */; };
		4FD1EB221B487AA700BAAA33 /* Images.xcassets in Resources */ = {isa = PBXBuildFile; fileRef = 4FD1EB211B487AA700BAAA33 /* Images.xcassets */; };
		4FD1EB251B487AA700BAAA33 /* LaunchScreen.xib in Resources */ = {isa = PBXBuildFile; fileRef = 4FD1EB231B487AA700BAAA33 /* LaunchScreen.xib */; };
		4FD1EB311B487AA700BAAA33 /* HabitPointsTests.swift in Sources */ = {isa = PBXBuildFile; fileRef = 4FD1EB301B487AA700BAAA33 /* HabitPointsTests.swift */; };
		4FD1EB3E1B487B2100BAAA33 /* Habit.swift in Sources */ = {isa = PBXBuildFile; fileRef = 4FD1EB3D1B487B2100BAAA33 /* Habit.swift */; };
		4FD1EB401B4B8C0D00BAAA33 /* HabitCell.swift in Sources */ = {isa = PBXBuildFile; fileRef = 4FD1EB3F1B4B8C0D00BAAA33 /* HabitCell.swift */; };
		4FD1EB421B509F9000BAAA33 /* User.swift in Sources */ = {isa = PBXBuildFile; fileRef = 4FD1EB411B509F9000BAAA33 /* User.swift */; };
		4FD1EB461B54AF0A00BAAA33 /* gray-solid-circle.png in Resources */ = {isa = PBXBuildFile; fileRef = 4FD1EB431B54AF0A00BAAA33 /* gray-solid-circle.png */; };
		4FD1EB471B54AF0A00BAAA33 /* gray-circle-outline.png in Resources */ = {isa = PBXBuildFile; fileRef = 4FD1EB441B54AF0A00BAAA33 /* gray-circle-outline.png */; };
		4FD1EB481B54AF0A00BAAA33 /* green-check-circle.png in Resources */ = {isa = PBXBuildFile; fileRef = 4FD1EB451B54AF0A00BAAA33 /* green-check-circle.png */; };
		4FDCAD121B59F479005E959E /* goalCompletedViewController.swift in Sources */ = {isa = PBXBuildFile; fileRef = 4FDCAD111B59F479005E959E /* goalCompletedViewController.swift */; };
/* End PBXBuildFile section */

/* Begin PBXContainerItemProxy section */
		4FD1EB2B1B487AA700BAAA33 /* PBXContainerItemProxy */ = {
			isa = PBXContainerItemProxy;
			containerPortal = 4FD1EB0D1B487AA700BAAA33 /* Project object */;
			proxyType = 1;
			remoteGlobalIDString = 4FD1EB141B487AA700BAAA33;
			remoteInfo = HabitPoints;
		};
/* End PBXContainerItemProxy section */

/* Begin PBXFileReference section */
		4F0668371B81322A008FE7CC /* green-check-circle-small.png */ = {isa = PBXFileReference; lastKnownFileType = image.png; name = "green-check-circle-small.png"; path = "Images.xcassets/green-check-circle-small.png"; sourceTree = "<group>"; };
		4F0668391B813232008FE7CC /* gray-circle-outline-small.png */ = {isa = PBXFileReference; lastKnownFileType = image.png; name = "gray-circle-outline-small.png"; path = "Images.xcassets/gray-circle-outline-small.png"; sourceTree = "<group>"; };
		4F06683B1B813568008FE7CC /* SmallCheckCircle.swift */ = {isa = PBXFileReference; fileEncoding = 4; lastKnownFileType = sourcecode.swift; path = SmallCheckCircle.swift; sourceTree = "<group>"; };
		4F1F65D61B58543C00DB1202 /* CheckCircle.swift */ = {isa = PBXFileReference; fileEncoding = 4; lastKnownFileType = sourcecode.swift; path = CheckCircle.swift; sourceTree = "<group>"; };
		4FCCB2161B76A5A500058A51 /* HabitDetailViewController.swift */ = {isa = PBXFileReference; fileEncoding = 4; lastKnownFileType = sourcecode.swift; path = HabitDetailViewController.swift; sourceTree = "<group>"; };
		4FD1EB151B487AA700BAAA33 /* HabitPoints.app */ = {isa = PBXFileReference; explicitFileType = wrapper.application; includeInIndex = 0; path = HabitPoints.app; sourceTree = BUILT_PRODUCTS_DIR; };
		4FD1EB191B487AA700BAAA33 /* Info.plist */ = {isa = PBXFileReference; lastKnownFileType = text.plist.xml; path = Info.plist; sourceTree = "<group>"; };
		4FD1EB1A1B487AA700BAAA33 /* AppDelegate.swift */ = {isa = PBXFileReference; lastKnownFileType = sourcecode.swift; path = AppDelegate.swift; sourceTree = "<group>"; };
		4FD1EB1C1B487AA700BAAA33 /* ViewController.swift */ = {isa = PBXFileReference; lastKnownFileType = sourcecode.swift; path = ViewController.swift; sourceTree = "<group>"; };
		4FD1EB1F1B487AA700BAAA33 /* Base */ = {isa = PBXFileReference; lastKnownFileType = file.storyboard; name = Base; path = Base.lproj/Main.storyboard; sourceTree = "<group>"; };
		4FD1EB211B487AA700BAAA33 /* Images.xcassets */ = {isa = PBXFileReference; lastKnownFileType = folder.assetcatalog; path = Images.xcassets; sourceTree = "<group>"; };
		4FD1EB241B487AA700BAAA33 /* Base */ = {isa = PBXFileReference; lastKnownFileType = file.xib; name = Base; path = Base.lproj/LaunchScreen.xib; sourceTree = "<group>"; };
		4FD1EB2A1B487AA700BAAA33 /* HabitPointsTests.xctest */ = {isa = PBXFileReference; explicitFileType = wrapper.cfbundle; includeInIndex = 0; path = HabitPointsTests.xctest; sourceTree = BUILT_PRODUCTS_DIR; };
		4FD1EB2F1B487AA700BAAA33 /* Info.plist */ = {isa = PBXFileReference; lastKnownFileType = text.plist.xml; path = Info.plist; sourceTree = "<group>"; };
		4FD1EB301B487AA700BAAA33 /* HabitPointsTests.swift */ = {isa = PBXFileReference; lastKnownFileType = sourcecode.swift; path = HabitPointsTests.swift; sourceTree = "<group>"; };
		4FD1EB3D1B487B2100BAAA33 /* Habit.swift */ = {isa = PBXFileReference; fileEncoding = 4; lastKnownFileType = sourcecode.swift; path = Habit.swift; sourceTree = "<group>"; };
		4FD1EB3F1B4B8C0D00BAAA33 /* HabitCell.swift */ = {isa = PBXFileReference; fileEncoding = 4; lastKnownFileType = sourcecode.swift; path = HabitCell.swift; sourceTree = "<group>"; };
		4FD1EB411B509F9000BAAA33 /* User.swift */ = {isa = PBXFileReference; fileEncoding = 4; lastKnownFileType = sourcecode.swift; path = User.swift; sourceTree = "<group>"; };
		4FD1EB431B54AF0A00BAAA33 /* gray-solid-circle.png */ = {isa = PBXFileReference; lastKnownFileType = image.png; name = "gray-solid-circle.png"; path = "Images.xcassets/gray-solid-circle.png"; sourceTree = "<group>"; };
		4FD1EB441B54AF0A00BAAA33 /* gray-circle-outline.png */ = {isa = PBXFileReference; lastKnownFileType = image.png; name = "gray-circle-outline.png"; path = "Images.xcassets/gray-circle-outline.png"; sourceTree = "<group>"; };
		4FD1EB451B54AF0A00BAAA33 /* green-check-circle.png */ = {isa = PBXFileReference; lastKnownFileType = image.png; name = "green-check-circle.png"; path = "Images.xcassets/green-check-circle.png"; sourceTree = "<group>"; };
		4FDCAD111B59F479005E959E /* goalCompletedViewController.swift */ = {isa = PBXFileReference; fileEncoding = 4; lastKnownFileType = sourcecode.swift; path = goalCompletedViewController.swift; sourceTree = "<group>"; };
/* End PBXFileReference section */

/* Begin PBXFrameworksBuildPhase section */
		4FD1EB121B487AA700BAAA33 /* Frameworks */ = {
			isa = PBXFrameworksBuildPhase;
			buildActionMask = 2147483647;
			files = (
			);
			runOnlyForDeploymentPostprocessing = 0;
		};
		4FD1EB271B487AA700BAAA33 /* Frameworks */ = {
			isa = PBXFrameworksBuildPhase;
			buildActionMask = 2147483647;
			files = (
			);
			runOnlyForDeploymentPostprocessing = 0;
		};
/* End PBXFrameworksBuildPhase section */

/* Begin PBXGroup section */
		4FD1EB0C1B487AA700BAAA33 = {
			isa = PBXGroup;
			children = (
				4FD1EB171B487AA700BAAA33 /* HabitPoints */,
				4FD1EB2D1B487AA700BAAA33 /* HabitPointsTests */,
				4FD1EB161B487AA700BAAA33 /* Products */,
			);
			sourceTree = "<group>";
		};
		4FD1EB161B487AA700BAAA33 /* Products */ = {
			isa = PBXGroup;
			children = (
				4FD1EB151B487AA700BAAA33 /* HabitPoints.app */,
				4FD1EB2A1B487AA700BAAA33 /* HabitPointsTests.xctest */,
			);
			name = Products;
			sourceTree = "<group>";
		};
		4FD1EB171B487AA700BAAA33 /* HabitPoints */ = {
			isa = PBXGroup;
			children = (
				4FD1EB1A1B487AA700BAAA33 /* AppDelegate.swift */,
				4FD1EB3C1B487AFA00BAAA33 /* Models */,
				4FD1EB3B1B487AEC00BAAA33 /* Controllers */,
				4FD1EB3A1B487AE000BAAA33 /* Views */,
				4FD1EB211B487AA700BAAA33 /* Images.xcassets */,
				4FD1EB231B487AA700BAAA33 /* LaunchScreen.xib */,
				4FD1EB181B487AA700BAAA33 /* Supporting Files */,
			);
			path = HabitPoints;
			sourceTree = "<group>";
		};
		4FD1EB181B487AA700BAAA33 /* Supporting Files */ = {
			isa = PBXGroup;
			children = (
				4FD1EB431B54AF0A00BAAA33 /* gray-solid-circle.png */,
				4FD1EB441B54AF0A00BAAA33 /* gray-circle-outline.png */,
				4FD1EB451B54AF0A00BAAA33 /* green-check-circle.png */,
				4F0668371B81322A008FE7CC /* green-check-circle-small.png */,
				4F0668391B813232008FE7CC /* gray-circle-outline-small.png */,
				4FD1EB191B487AA700BAAA33 /* Info.plist */,
			);
			name = "Supporting Files";
			sourceTree = "<group>";
		};
		4FD1EB2D1B487AA700BAAA33 /* HabitPointsTests */ = {
			isa = PBXGroup;
			children = (
				4FD1EB301B487AA700BAAA33 /* HabitPointsTests.swift */,
				4FD1EB2E1B487AA700BAAA33 /* Supporting Files */,
			);
			path = HabitPointsTests;
			sourceTree = "<group>";
		};
		4FD1EB2E1B487AA700BAAA33 /* Supporting Files */ = {
			isa = PBXGroup;
			children = (
				4FD1EB2F1B487AA700BAAA33 /* Info.plist */,
			);
			name = "Supporting Files";
			sourceTree = "<group>";
		};
		4FD1EB3A1B487AE000BAAA33 /* Views */ = {
			isa = PBXGroup;
			children = (
				4FD1EB1E1B487AA700BAAA33 /* Main.storyboard */,
				4FD1EB3F1B4B8C0D00BAAA33 /* HabitCell.swift */,
				4F1F65D61B58543C00DB1202 /* CheckCircle.swift */,
				4F06683B1B813568008FE7CC /* SmallCheckCircle.swift */,
			);
			name = Views;
			sourceTree = "<group>";
		};
		4FD1EB3B1B487AEC00BAAA33 /* Controllers */ = {
			isa = PBXGroup;
			children = (
				4FD1EB1C1B487AA700BAAA33 /* ViewController.swift */,
				4FDCAD111B59F479005E959E /* goalCompletedViewController.swift */,
				4FCCB2161B76A5A500058A51 /* HabitDetailViewController.swift */,
			);
			name = Controllers;
			sourceTree = "<group>";
		};
		4FD1EB3C1B487AFA00BAAA33 /* Models */ = {
			isa = PBXGroup;
			children = (
				4FD1EB3D1B487B2100BAAA33 /* Habit.swift */,
				4FD1EB411B509F9000BAAA33 /* User.swift */,
			);
			name = Models;
			sourceTree = "<group>";
		};
/* End PBXGroup section */

/* Begin PBXNativeTarget section */
		4FD1EB141B487AA700BAAA33 /* HabitPoints */ = {
			isa = PBXNativeTarget;
			buildConfigurationList = 4FD1EB341B487AA700BAAA33 /* Build configuration list for PBXNativeTarget "HabitPoints" */;
			buildPhases = (
				4FD1EB111B487AA700BAAA33 /* Sources */,
				4FD1EB121B487AA700BAAA33 /* Frameworks */,
				4FD1EB131B487AA700BAAA33 /* Resources */,
			);
			buildRules = (
			);
			dependencies = (
			);
			name = HabitPoints;
			productName = HabitPoints;
			productReference = 4FD1EB151B487AA700BAAA33 /* HabitPoints.app */;
			productType = "com.apple.product-type.application";
		};
		4FD1EB291B487AA700BAAA33 /* HabitPointsTests */ = {
			isa = PBXNativeTarget;
			buildConfigurationList = 4FD1EB371B487AA700BAAA33 /* Build configuration list for PBXNativeTarget "HabitPointsTests" */;
			buildPhases = (
				4FD1EB261B487AA700BAAA33 /* Sources */,
				4FD1EB271B487AA700BAAA33 /* Frameworks */,
				4FD1EB281B487AA700BAAA33 /* Resources */,
			);
			buildRules = (
			);
			dependencies = (
				4FD1EB2C1B487AA700BAAA33 /* PBXTargetDependency */,
			);
			name = HabitPointsTests;
			productName = HabitPointsTests;
			productReference = 4FD1EB2A1B487AA700BAAA33 /* HabitPointsTests.xctest */;
			productType = "com.apple.product-type.bundle.unit-test";
		};
/* End PBXNativeTarget section */

/* Begin PBXProject section */
		4FD1EB0D1B487AA700BAAA33 /* Project object */ = {
			isa = PBXProject;
			attributes = {
				LastUpgradeCheck = 0640;
				ORGANIZATIONNAME = "Kenji Crosland";
				TargetAttributes = {
					4FD1EB141B487AA700BAAA33 = {
						CreatedOnToolsVersion = 6.4;
					};
					4FD1EB291B487AA700BAAA33 = {
						CreatedOnToolsVersion = 6.4;
						TestTargetID = 4FD1EB141B487AA700BAAA33;
					};
				};
			};
			buildConfigurationList = 4FD1EB101B487AA700BAAA33 /* Build configuration list for PBXProject "HabitPoints" */;
			compatibilityVersion = "Xcode 3.2";
			developmentRegion = English;
			hasScannedForEncodings = 0;
			knownRegions = (
				en,
				Base,
			);
			mainGroup = 4FD1EB0C1B487AA700BAAA33;
			productRefGroup = 4FD1EB161B487AA700BAAA33 /* Products */;
			projectDirPath = "";
			projectRoot = "";
			targets = (
				4FD1EB141B487AA700BAAA33 /* HabitPoints */,
				4FD1EB291B487AA700BAAA33 /* HabitPointsTests */,
			);
		};
/* End PBXProject section */

/* Begin PBXResourcesBuildPhase section */
		4FD1EB131B487AA700BAAA33 /* Resources */ = {
			isa = PBXResourcesBuildPhase;
			buildActionMask = 2147483647;
			files = (
				4FD1EB481B54AF0A00BAAA33 /* green-check-circle.png in Resources */,
				4FD1EB201B487AA700BAAA33 /* Main.storyboard in Resources */,
				4FD1EB461B54AF0A00BAAA33 /* gray-solid-circle.png in Resources */,
				4FD1EB471B54AF0A00BAAA33 /* gray-circle-outline.png in Resources */,
				4FD1EB251B487AA700BAAA33 /* LaunchScreen.xib in Resources */,
				4F06683A1B813232008FE7CC /* gray-circle-outline-small.png in Resources */,
				4F0668381B81322A008FE7CC /* green-check-circle-small.png in Resources */,
				4FD1EB221B487AA700BAAA33 /* Images.xcassets in Resources */,
			);
			runOnlyForDeploymentPostprocessing = 0;
		};
		4FD1EB281B487AA700BAAA33 /* Resources */ = {
			isa = PBXResourcesBuildPhase;
			buildActionMask = 2147483647;
			files = (
			);
			runOnlyForDeploymentPostprocessing = 0;
		};
/* End PBXResourcesBuildPhase section */

/* Begin PBXSourcesBuildPhase section */
		4FD1EB111B487AA700BAAA33 /* Sources */ = {
			isa = PBXSourcesBuildPhase;
			buildActionMask = 2147483647;
			files = (
				4FD1EB3E1B487B2100BAAA33 /* Habit.swift in Sources */,
				4FD1EB1D1B487AA700BAAA33 /* ViewController.swift in Sources */,
				4F1F65D71B58543C00DB1202 /* CheckCircle.swift in Sources */,
				4FD1EB401B4B8C0D00BAAA33 /* HabitCell.swift in Sources */,
				4FCCB2171B76A5A500058A51 /* HabitDetailViewController.swift in Sources */,
				4FD1EB421B509F9000BAAA33 /* User.swift in Sources */,
				4FDCAD121B59F479005E959E /* goalCompletedViewController.swift in Sources */,
				4FD1EB1B1B487AA700BAAA33 /* AppDelegate.swift in Sources */,
				4F06683C1B813568008FE7CC /* SmallCheckCircle.swift in Sources */,
			);
			runOnlyForDeploymentPostprocessing = 0;
		};
		4FD1EB261B487AA700BAAA33 /* Sources */ = {
			isa = PBXSourcesBuildPhase;
			buildActionMask = 2147483647;
			files = (
				4FD1EB311B487AA700BAAA33 /* HabitPointsTests.swift in Sources */,
			);
			runOnlyForDeploymentPostprocessing = 0;
		};
/* End PBXSourcesBuildPhase section */

/* Begin PBXTargetDependency section */
		4FD1EB2C1B487AA700BAAA33 /* PBXTargetDependency */ = {
			isa = PBXTargetDependency;
			target = 4FD1EB141B487AA700BAAA33 /* HabitPoints */;
			targetProxy = 4FD1EB2B1B487AA700BAAA33 /* PBXContainerItemProxy */;
		};
/* End PBXTargetDependency section */

/* Begin PBXVariantGroup section */
		4FD1EB1E1B487AA700BAAA33 /* Main.storyboard */ = {
			isa = PBXVariantGroup;
			children = (
				4FD1EB1F1B487AA700BAAA33 /* Base */,
			);
			name = Main.storyboard;
			sourceTree = "<group>";
		};
		4FD1EB231B487AA700BAAA33 /* LaunchScreen.xib */ = {
			isa = PBXVariantGroup;
			children = (
				4FD1EB241B487AA700BAAA33 /* Base */,
			);
			name = LaunchScreen.xib;
			sourceTree = "<group>";
		};
/* End PBXVariantGroup section */

/* Begin XCBuildConfiguration section */
		4FD1EB321B487AA700BAAA33 /* Debug */ = {
			isa = XCBuildConfiguration;
			buildSettings = {
				ALWAYS_SEARCH_USER_PATHS = NO;
				CLANG_CXX_LANGUAGE_STANDARD = "gnu++0x";
				CLANG_CXX_LIBRARY = "libc++";
				CLANG_ENABLE_MODULES = YES;
				CLANG_ENABLE_OBJC_ARC = YES;
				CLANG_WARN_BOOL_CONVERSION = YES;
				CLANG_WARN_CONSTANT_CONVERSION = YES;
				CLANG_WARN_DIRECT_OBJC_ISA_USAGE = YES_ERROR;
				CLANG_WARN_EMPTY_BODY = YES;
				CLANG_WARN_ENUM_CONVERSION = YES;
				CLANG_WARN_INT_CONVERSION = YES;
				CLANG_WARN_OBJC_ROOT_CLASS = YES_ERROR;
				CLANG_WARN_UNREACHABLE_CODE = YES;
				CLANG_WARN__DUPLICATE_METHOD_MATCH = YES;
				"CODE_SIGN_IDENTITY[sdk=iphoneos*]" = "iPhone Developer";
				COPY_PHASE_STRIP = NO;
				DEBUG_INFORMATION_FORMAT = "dwarf-with-dsym";
				ENABLE_STRICT_OBJC_MSGSEND = YES;
				GCC_C_LANGUAGE_STANDARD = gnu99;
				GCC_DYNAMIC_NO_PIC = NO;
				GCC_NO_COMMON_BLOCKS = YES;
				GCC_OPTIMIZATION_LEVEL = 0;
				GCC_PREPROCESSOR_DEFINITIONS = (
					"DEBUG=1",
					"$(inherited)",
				);
				GCC_SYMBOLS_PRIVATE_EXTERN = NO;
				GCC_WARN_64_TO_32_BIT_CONVERSION = YES;
				GCC_WARN_ABOUT_RETURN_TYPE = YES_ERROR;
				GCC_WARN_UNDECLARED_SELECTOR = YES;
				GCC_WARN_UNINITIALIZED_AUTOS = YES_AGGRESSIVE;
				GCC_WARN_UNUSED_FUNCTION = YES;
				GCC_WARN_UNUSED_VARIABLE = YES;
				IPHONEOS_DEPLOYMENT_TARGET = 8.4;
				MTL_ENABLE_DEBUG_INFO = YES;
				ONLY_ACTIVE_ARCH = YES;
				SDKROOT = iphoneos;
				SWIFT_OPTIMIZATION_LEVEL = "-Onone";
			};
			name = Debug;
		};
		4FD1EB331B487AA700BAAA33 /* Release */ = {
			isa = XCBuildConfiguration;
			buildSettings = {
				ALWAYS_SEARCH_USER_PATHS = NO;
				CLANG_CXX_LANGUAGE_STANDARD = "gnu++0x";
				CLANG_CXX_LIBRARY = "libc++";
				CLANG_ENABLE_MODULES = YES;
				CLANG_ENABLE_OBJC_ARC = YES;
				CLANG_WARN_BOOL_CONVERSION = YES;
				CLANG_WARN_CONSTANT_CONVERSION = YES;
				CLANG_WARN_DIRECT_OBJC_ISA_USAGE = YES_ERROR;
				CLANG_WARN_EMPTY_BODY = YES;
				CLANG_WARN_ENUM_CONVERSION = YES;
				CLANG_WARN_INT_CONVERSION = YES;
				CLANG_WARN_OBJC_ROOT_CLASS = YES_ERROR;
				CLANG_WARN_UNREACHABLE_CODE = YES;
				CLANG_WARN__DUPLICATE_METHOD_MATCH = YES;
				"CODE_SIGN_IDENTITY[sdk=iphoneos*]" = "iPhone Developer";
				COPY_PHASE_STRIP = NO;
				DEBUG_INFORMATION_FORMAT = "dwarf-with-dsym";
				ENABLE_NS_ASSERTIONS = NO;
				ENABLE_STRICT_OBJC_MSGSEND = YES;
				GCC_C_LANGUAGE_STANDARD = gnu99;
				GCC_NO_COMMON_BLOCKS = YES;
				GCC_WARN_64_TO_32_BIT_CONVERSION = YES;
				GCC_WARN_ABOUT_RETURN_TYPE = YES_ERROR;
				GCC_WARN_UNDECLARED_SELECTOR = YES;
				GCC_WARN_UNINITIALIZED_AUTOS = YES_AGGRESSIVE;
				GCC_WARN_UNUSED_FUNCTION = YES;
				GCC_WARN_UNUSED_VARIABLE = YES;
				IPHONEOS_DEPLOYMENT_TARGET = 8.4;
				MTL_ENABLE_DEBUG_INFO = NO;
				SDKROOT = iphoneos;
				VALIDATE_PRODUCT = YES;
			};
			name = Release;
		};
		4FD1EB351B487AA700BAAA33 /* Debug */ = {
			isa = XCBuildConfiguration;
			buildSettings = {
				ASSETCATALOG_COMPILER_APPICON_NAME = AppIcon;
				INFOPLIST_FILE = HabitPoints/Info.plist;
				LD_RUNPATH_SEARCH_PATHS = "$(inherited) @executable_path/Frameworks";
				PRODUCT_NAME = "$(TARGET_NAME)";
			};
			name = Debug;
		};
		4FD1EB361B487AA700BAAA33 /* Release */ = {
			isa = XCBuildConfiguration;
			buildSettings = {
				ASSETCATALOG_COMPILER_APPICON_NAME = AppIcon;
				INFOPLIST_FILE = HabitPoints/Info.plist;
				LD_RUNPATH_SEARCH_PATHS = "$(inherited) @executable_path/Frameworks";
				PRODUCT_NAME = "$(TARGET_NAME)";
			};
			name = Release;
		};
		4FD1EB381B487AA700BAAA33 /* Debug */ = {
			isa = XCBuildConfiguration;
			buildSettings = {
				BUNDLE_LOADER = "$(TEST_HOST)";
				FRAMEWORK_SEARCH_PATHS = (
					"$(SDKROOT)/Developer/Library/Frameworks",
					"$(inherited)",
				);
				GCC_PREPROCESSOR_DEFINITIONS = (
					"DEBUG=1",
					"$(inherited)",
				);
				INFOPLIST_FILE = HabitPointsTests/Info.plist;
				LD_RUNPATH_SEARCH_PATHS = "$(inherited) @executable_path/Frameworks @loader_path/Frameworks";
				PRODUCT_NAME = "$(TARGET_NAME)";
				TEST_HOST = "$(BUILT_PRODUCTS_DIR)/HabitPoints.app/HabitPoints";
			};
			name = Debug;
		};
		4FD1EB391B487AA700BAAA33 /* Release */ = {
			isa = XCBuildConfiguration;
			buildSettings = {
				BUNDLE_LOADER = "$(TEST_HOST)";
				FRAMEWORK_SEARCH_PATHS = (
					"$(SDKROOT)/Developer/Library/Frameworks",
					"$(inherited)",
				);
				INFOPLIST_FILE = HabitPointsTests/Info.plist;
				LD_RUNPATH_SEARCH_PATHS = "$(inherited) @executable_path/Frameworks @loader_path/Frameworks";
				PRODUCT_NAME = "$(TARGET_NAME)";
				TEST_HOST = "$(BUILT_PRODUCTS_DIR)/HabitPoints.app/HabitPoints";
			};
			name = Release;
		};
/* End XCBuildConfiguration section */

/* Begin XCConfigurationList section */
		4FD1EB101B487AA700BAAA33 /* Build configuration list for PBXProject "HabitPoints" */ = {
			isa = XCConfigurationList;
			buildConfigurations = (
				4FD1EB321B487AA700BAAA33 /* Debug */,
				4FD1EB331B487AA700BAAA33 /* Release */,
			);
			defaultConfigurationIsVisible = 0;
			defaultConfigurationName = Release;
		};
		4FD1EB341B487AA700BAAA33 /* Build configuration list for PBXNativeTarget "HabitPoints" */ = {
			isa = XCConfigurationList;
			buildConfigurations = (
				4FD1EB351B487AA700BAAA33 /* Debug */,
				4FD1EB361B487AA700BAAA33 /* Release */,
			);
			defaultConfigurationIsVisible = 0;
			defaultConfigurationName = Release;
		};
		4FD1EB371B487AA700BAAA33 /* Build configuration list for PBXNativeTarget "HabitPointsTests" */ = {
			isa = XCConfigurationList;
			buildConfigurations = (
				4FD1EB381B487AA700BAAA33 /* Debug */,
				4FD1EB391B487AA700BAAA33 /* Release */,
			);
			defaultConfigurationIsVisible = 0;
			defaultConfigurationName = Release;
		};
/* End XCConfigurationList section */
	};
	rootObject = 4FD1EB0D1B487AA700BAAA33 /* Project object */;
}
